{
  "name": "motechat-echo-server",
  "version": "1.0.0",
  "lockfileVersion": 1,
  "requires": true,
  "dependencies": {
    "motebus": {
      "version": "1.0.7",
      "resolved": "https://registry.npmjs.org/motebus/-/motebus-1.0.7.tgz",
      "integrity": "sha512-QZjx+J8X9hHnbNK64azN4RY5QsE0q3aSjpPhCrLXu6YdnyevnIBDi698tlQQrM1SHt/qLQHLeEBoURvPCuHYGw=="
    },
    "motechat": {
      "version": "0.1.0",
      "resolved": "https://registry.npmjs.org/motechat/-/motechat-0.1.0.tgz",
      "integrity": "sha512-30mhJ4ohZSimQzp2gVnnGnT+7roFNOFjle7T5nYLWWHAyOMUJuEwwHkIGWhel1mG8rFy4S88vGPGa3iqot0Spw=="
    }
  }
}
